// !$*UTF8*$!
{
	archiveVersion = 1;
	classes = {
	};
	objectVersion = 46;
	objects = {

/* Begin PBXBuildFile section */
		D092E1361D824B0400D2F816 /* main.m in Sources */ = {isa = PBXBuildFile; fileRef = D092E1351D824B0400D2F816 /* main.m */; };
		D092E1391D824B0400D2F816 /* AppDelegate.m in Sources */ = {isa = PBXBuildFile; fileRef = D092E1381D824B0400D2F816 /* AppDelegate.m */; };
		D092E13C1D824B0400D2F816 /* ViewController.m in Sources */ = {isa = PBXBuildFile; fileRef = D092E13B1D824B0400D2F816 /* ViewController.m */; };
		D092E13F1D824B0400D2F816 /* Main.storyboard in Resources */ = {isa = PBXBuildFile; fileRef = D092E13D1D824B0400D2F816 /* Main.storyboard */; };
		D092E1411D824B0400D2F816 /* Assets.xcassets in Resources */ = {isa = PBXBuildFile; fileRef = D092E1401D824B0400D2F816 /* Assets.xcassets */; };
		D092E1441D824B0400D2F816 /* LaunchScreen.storyboard in Resources */ = {isa = PBXBuildFile; fileRef = D092E1421D824B0400D2F816 /* LaunchScreen.storyboard */; };
		D0FF05FE1DF9052200DFBB56 /* NSString+QDTouchID.m in Sources */ = {isa = PBXBuildFile; fileRef = D0FF05FD1DF9052200DFBB56 /* NSString+QDTouchID.m */; };
		F23866347C164279D210B22E /* libPods-TouchIDDemo.a in Frameworks */ = {isa = PBXBuildFile; fileRef = 1AD8FF906F2B823678535EC8 /* libPods-TouchIDDemo.a */; };
/* End PBXBuildFile section */

/* Begin PBXFileReference section */
		1AD8FF906F2B823678535EC8 /* libPods-TouchIDDemo.a */ = {isa = PBXFileReference; explicitFileType = archive.ar; includeInIndex = 0; path = "libPods-TouchIDDemo.a"; sourceTree = BUILT_PRODUCTS_DIR; };
		2204C2104EF2A4F53C35E26F /* Pods-TouchIDDemo.debug.xcconfig */ = {isa = PBXFileReference; includeInIndex = 1; lastKnownFileType = text.xcconfig; name = "Pods-TouchIDDemo.debug.xcconfig"; path = "Pods/Target Support Files/Pods-TouchIDDemo/Pods-TouchIDDemo.debug.xcconfig"; sourceTree = "<group>"; };
		79F6B53DEA11BBC698B340F4 /* Pods-TouchIDDemo.release.xcconfig */ = {isa = PBXFileReference; includeInIndex = 1; lastKnownFileType = text.xcconfig; name = "Pods-TouchIDDemo.release.xcconfig"; path = "Pods/Target Support Files/Pods-TouchIDDemo/Pods-TouchIDDemo.release.xcconfig"; sourceTree = "<group>"; };
		D092E1311D824B0300D2F816 /* TouchIDDemo.app */ = {isa = PBXFileReference; explicitFileType = wrapper.application; includeInIndex = 0; path = TouchIDDemo.app; sourceTree = BUILT_PRODUCTS_DIR; };
		D092E1351D824B0400D2F816 /* main.m */ = {isa = PBXFileReference; lastKnownFileType = sourcecode.c.objc; path = main.m; sourceTree = "<group>"; };
		D092E1371D824B0400D2F816 /* AppDelegate.h */ = {isa = PBXFileReference; lastKnownFileType = sourcecode.c.h; path = AppDelegate.h; sourceTree = "<group>"; };
		D092E1381D824B0400D2F816 /* AppDelegate.m */ = {isa = PBXFileReference; lastKnownFileType = sourcecode.c.objc; path = AppDelegate.m; sourceTree = "<group>"; };
		D092E13A1D824B0400D2F816 /* ViewController.h */ = {isa = PBXFileReference; lastKnownFileType = sourcecode.c.h; path = ViewController.h; sourceTree = "<group>"; };
		D092E13B1D824B0400D2F816 /* ViewController.m */ = {isa = PBXFileReference; lastKnownFileType = sourcecode.c.objc; path = ViewController.m; sourceTree = "<group>"; };
		D092E13E1D824B0400D2F816 /* Base */ = {isa = PBXFileReference; lastKnownFileType = file.storyboard; name = Base; path = Base.lproj/Main.storyboard; sourceTree = "<group>"; };
		D092E1401D824B0400D2F816 /* Assets.xcassets */ = {isa = PBXFileReference; lastKnownFileType = folder.assetcatalog; path = Assets.xcassets; sourceTree = "<group>"; };
		D092E1431D824B0400D2F816 /* Base */ = {isa = PBXFileReference; lastKnownFileType = file.storyboard; name = Base; path = Base.lproj/LaunchScreen.storyboard; sourceTree = "<group>"; };
		D092E1451D824B0400D2F816 /* Info.plist */ = {isa = PBXFileReference; lastKnownFileType = text.plist.xml; path = Info.plist; sourceTree = "<group>"; };
		D0FF05FC1DF9052200DFBB56 /* NSString+QDTouchID.h */ = {isa = PBXFileReference; fileEncoding = 4; lastKnownFileType = sourcecode.c.h; path = "NSString+QDTouchID.h"; sourceTree = "<group>"; };
		D0FF05FD1DF9052200DFBB56 /* NSString+QDTouchID.m */ = {isa = PBXFileReference; fileEncoding = 4; lastKnownFileType = sourcecode.c.objc; path = "NSString+QDTouchID.m"; sourceTree = "<group>"; };
/* End PBXFileReference section */

/* Begin PBXFrameworksBuildPhase section */
		D092E12E1D824B0300D2F816 /* Frameworks */ = {
			isa = PBXFrameworksBuildPhase;
			buildActionMask = 2147483647;
			files = (
				F23866347C164279D210B22E /* libPods-TouchIDDemo.a in Frameworks */,
			);
			runOnlyForDeploymentPostprocessing = 0;
		};
/* End PBXFrameworksBuildPhase section */

/* Begin PBXGroup section */
		282AE90F77471CB9434A607F /* Frameworks */ = {
			isa = PBXGroup;
			children = (
				1AD8FF906F2B823678535EC8 /* libPods-TouchIDDemo.a */,
			);
			name = Frameworks;
			sourceTree = "<group>";
		};
		31FAAB00A6A16DD0B70789AB /* Pods */ = {
			isa = PBXGroup;
			children = (
				2204C2104EF2A4F53C35E26F /* Pods-TouchIDDemo.debug.xcconfig */,
				79F6B53DEA11BBC698B340F4 /* Pods-TouchIDDemo.release.xcconfig */,
			);
			name = Pods;
			sourceTree = "<group>";
		};
		D092E1281D824B0300D2F816 = {
			isa = PBXGroup;
			children = (
				D092E1331D824B0400D2F816 /* TouchIDDemo */,
				D092E1321D824B0300D2F816 /* Products */,
				31FAAB00A6A16DD0B70789AB /* Pods */,
				282AE90F77471CB9434A607F /* Frameworks */,
			);
			sourceTree = "<group>";
		};
		D092E1321D824B0300D2F816 /* Products */ = {
			isa = PBXGroup;
			children = (
				D092E1311D824B0300D2F816 /* TouchIDDemo.app */,
			);
			name = Products;
			sourceTree = "<group>";
		};
		D092E1331D824B0400D2F816 /* TouchIDDemo */ = {
			isa = PBXGroup;
			children = (
				D0FF05FC1DF9052200DFBB56 /* NSString+QDTouchID.h */,
				D0FF05FD1DF9052200DFBB56 /* NSString+QDTouchID.m */,
				D092E1371D824B0400D2F816 /* AppDelegate.h */,
				D092E1381D824B0400D2F816 /* AppDelegate.m */,
				D092E13A1D824B0400D2F816 /* ViewController.h */,
				D092E13B1D824B0400D2F816 /* ViewController.m */,
				D092E13D1D824B0400D2F816 /* Main.storyboard */,
				D092E1401D824B0400D2F816 /* Assets.xcassets */,
				D092E1421D824B0400D2F816 /* LaunchScreen.storyboard */,
				D092E1451D824B0400D2F816 /* Info.plist */,
				D092E1341D824B0400D2F816 /* Supporting Files */,
			);
			path = TouchIDDemo;
			sourceTree = "<group>";
		};
		D092E1341D824B0400D2F816 /* Supporting Files */ = {
			isa = PBXGroup;
			children = (
				D092E1351D824B0400D2F816 /* main.m */,
			);
			name = "Supporting Files";
			sourceTree = "<group>";
		};
/* End PBXGroup section */

/* Begin PBXNativeTarget section */
		D092E1301D824B0300D2F816 /* TouchIDDemo */ = {
			isa = PBXNativeTarget;
			buildConfigurationList = D092E1481D824B0400D2F816 /* Build configuration list for PBXNativeTarget "TouchIDDemo" */;
			buildPhases = (
				68CFA6B2F0CA921B2BE9D2FD /* [CP] Check Pods Manifest.lock */,
				D092E12D1D824B0300D2F816 /* Sources */,
				D092E12E1D824B0300D2F816 /* Frameworks */,
				D092E12F1D824B0300D2F816 /* Resources */,
				7359A93B5689B33987B9E29A /* [CP] Embed Pods Frameworks */,
				54B4C7CB05196E4A4AE155D0 /* [CP] Copy Pods Resources */,
			);
			buildRules = (
			);
			dependencies = (
			);
			name = TouchIDDemo;
			productName = TouchIDDemo;
			productReference = D092E1311D824B0300D2F816 /* TouchIDDemo.app */;
			productType = "com.apple.product-type.application";
		};
/* End PBXNativeTarget section */

/* Begin PBXProject section */
		D092E1291D824B0300D2F816 /* Project object */ = {
			isa = PBXProject;
			attributes = {
				LastUpgradeCheck = 0800;
				ORGANIZATIONNAME = "陈博文";
				TargetAttributes = {
					D092E1301D824B0300D2F816 = {
						CreatedOnToolsVersion = 7.3;
						DevelopmentTeam = 39CU25G7Z2;
						ProvisioningStyle = Automatic;
					};
				};
			};
			buildConfigurationList = D092E12C1D824B0300D2F816 /* Build configuration list for PBXProject "TouchIDDemo" */;
			compatibilityVersion = "Xcode 3.2";
			developmentRegion = English;
			hasScannedForEncodings = 0;
			knownRegions = (
				en,
				Base,
			);
			mainGroup = D092E1281D824B0300D2F816;
			productRefGroup = D092E1321D824B0300D2F816 /* Products */;
			projectDirPath = "";
			projectRoot = "";
			targets = (
				D092E1301D824B0300D2F816 /* TouchIDDemo */,
			);
		};
/* End PBXProject section */

/* Begin PBXResourcesBuildPhase section */
		D092E12F1D824B0300D2F816 /* Resources */ = {
			isa = PBXResourcesBuildPhase;
			buildActionMask = 2147483647;
			files = (
				D092E1441D824B0400D2F816 /* LaunchScreen.storyboard in Resources */,
				D092E1411D824B0400D2F816 /* Assets.xcassets in Resources */,
				D092E13F1D824B0400D2F816 /* Main.storyboard in Resources */,
			);
			runOnlyForDeploymentPostprocessing = 0;
		};
/* End PBXResourcesBuildPhase section */

/* Begin PBXShellScriptBuildPhase section */
		54B4C7CB05196E4A4AE155D0 /* [CP] Copy Pods Resources */ = {
			isa = PBXShellScriptBuildPhase;
			buildActionMask = 2147483647;
			files = (
			);
			inputPaths = (
			);
			name = "[CP] Copy Pods Resources";
			outputPaths = (
			);
			runOnlyForDeploymentPostprocessing = 0;
			shellPath = /bin/sh;
			shellScript = "\"${SRCROOT}/Pods/Target Support Files/Pods-TouchIDDemo/Pods-TouchIDDemo-resources.sh\"\n";
			showEnvVarsInLog = 0;
		};
		68CFA6B2F0CA921B2BE9D2FD /* [CP] Check Pods Manifest.lock */ = {
			isa = PBXShellScriptBuildPhase;
			buildActionMask = 2147483647;
			files = (
			);
			inputPaths = (
			);
			name = "[CP] Check Pods Manifest.lock";
			outputPaths = (
			);
			runOnlyForDeploymentPostprocessing = 0;
			shellPath = /bin/sh;
			shellScript = "diff \"${PODS_ROOT}/../Podfile.lock\" \"${PODS_ROOT}/Manifest.lock\" > /dev/null\nif [[ $? != 0 ]] ; then\n    cat << EOM\nerror: The sandbox is not in sync with the Podfile.lock. Run 'pod install' or update your CocoaPods installation.\nEOM\n    exit 1\nfi\n";
			showEnvVarsInLog = 0;
		};
		7359A93B5689B33987B9E29A /* [CP] Embed Pods Frameworks */ = {
			isa = PBXShellScriptBuildPhase;
			buildActionMask = 2147483647;
			files = (
			);
			inputPaths = (
			);
			name = "[CP] Embed Pods Frameworks";
			outputPaths = (
			);
			runOnlyForDeploymentPostprocessing = 0;
			shellPath = /bin/sh;
			shellScript = "\"${SRCROOT}/Pods/Target Support Files/Pods-TouchIDDemo/Pods-TouchIDDemo-frameworks.sh\"\n";
			showEnvVarsInLog = 0;
		};
/* End PBXShellScriptBuildPhase section */

/* Begin PBXSourcesBuildPhase section */
		D092E12D1D824B0300D2F816 /* Sources */ = {
			isa = PBXSourcesBuildPhase;
			buildActionMask = 2147483647;
			files = (
				D092E13C1D824B0400D2F816 /* ViewController.m in Sources */,
				D092E1391D824B0400D2F816 /* AppDelegate.m in Sources */,
				D092E1361D824B0400D2F816 /* main.m in Sources */,
				D0FF05FE1DF9052200DFBB56 /* NSString+QDTouchID.m in Sources */,
			);
			runOnlyForDeploymentPostprocessing = 0;
		};
/* End PBXSourcesBuildPhase section */

/* Begin PBXVariantGroup section */
		D092E13D1D824B0400D2F816 /* Main.storyboard */ = {
			isa = PBXVariantGroup;
			children = (
				D092E13E1D824B0400D2F816 /* Base */,
			);
			name = Main.storyboard;
			sourceTree = "<group>";
		};
		D092E1421D824B0400D2F816 /* LaunchScreen.storyboard */ = {
			isa = PBXVariantGroup;
			children = (
				D092E1431D824B0400D2F816 /* Base */,
			);
			name = LaunchScreen.storyboard;
			sourceTree = "<group>";
		};
/* End PBXVariantGroup section */

/* Begin XCBuildConfiguration section */
		D092E1461D824B0400D2F816 /* Debug */ = {
			isa = XCBuildConfiguration;
			buildSettings = {
				ALWAYS_SEARCH_USER_PATHS = NO;
				CLANG_ANALYZER_NONNULL = YES;
				CLANG_CXX_LANGUAGE_STANDARD = "gnu++0x";
				CLANG_CXX_LIBRARY = "libc++";
				CLANG_ENABLE_MODULES = YES;
				CLANG_ENABLE_OBJC_ARC = YES;
				CLANG_WARN_BOOL_CONVERSION = YES;
				CLANG_WARN_CONSTANT_CONVERSION = YES;
				CLANG_WARN_DIRECT_OBJC_ISA_USAGE = YES_ERROR;
				CLANG_WARN_EMPTY_BODY = YES;
				CLANG_WARN_ENUM_CONVERSION = YES;
				CLANG_WARN_INFINITE_RECURSION = YES;
				CLANG_WARN_INT_CONVERSION = YES;
				CLANG_WARN_OBJC_ROOT_CLASS = YES_ERROR;
				CLANG_WARN_SUSPICIOUS_MOVE = YES;
				CLANG_WARN_UNREACHABLE_CODE = YES;
				CLANG_WARN__DUPLICATE_METHOD_MATCH = YES;
				"CODE_SIGN_IDENTITY[sdk=iphoneos*]" = "iPhone Developer";
				COPY_PHASE_STRIP = NO;
				DEBUG_INFORMATION_FORMAT = dwarf;
				ENABLE_STRICT_OBJC_MSGSEND = YES;
				ENABLE_TESTABILITY = YES;
				GCC_C_LANGUAGE_STANDARD = gnu99;
				GCC_DYNAMIC_NO_PIC = NO;
				GCC_NO_COMMON_BLOCKS = YES;
				GCC_OPTIMIZATION_LEVEL = 0;
				GCC_PREPROCESSOR_DEFINITIONS = (
					"DEBUG=1",
					"$(inherited)",
				);
				GCC_WARN_64_TO_32_BIT_CONVERSION = YES;
				GCC_WARN_ABOUT_RETURN_TYPE = YES_ERROR;
				GCC_WARN_UNDECLARED_SELECTOR = YES;
				GCC_WARN_UNINITIALIZED_AUTOS = YES_AGGRESSIVE;
				GCC_WARN_UNUSED_FUNCTION = YES;
				GCC_WARN_UNUSED_VARIABLE = YES;
				IPHONEOS_DEPLOYMENT_TARGET = 9.3;
				MTL_ENABLE_DEBUG_INFO = YES;
				ONLY_ACTIVE_ARCH = YES;
				SDKROOT = iphoneos;
				TARGETED_DEVICE_FAMILY = "1,2";
			};
			name = Debug;
		};
		D092E1471D824B0400D2F816 /* Release */ = {
			isa = XCBuildConfiguration;
			buildSettings = {
				ALWAYS_SEARCH_USER_PATHS = NO;
				CLANG_ANALYZER_NONNULL = YES;
				CLANG_CXX_LANGUAGE_STANDARD = "gnu++0x";
				CLANG_CXX_LIBRARY = "libc++";
				CLANG_ENABLE_MODULES = YES;
				CLANG_ENABLE_OBJC_ARC = YES;
				CLANG_WARN_BOOL_CONVERSION = YES;
				CLANG_WARN_CONSTANT_CONVERSION = YES;
				CLANG_WARN_DIRECT_OBJC_ISA_USAGE = YES_ERROR;
				CLANG_WARN_EMPTY_BODY = YES;
				CLANG_WARN_ENUM_CONVERSION = YES;
				CLANG_WARN_INFINITE_RECURSION = YES;
				CLANG_WARN_INT_CONVERSION = YES;
				CLANG_WARN_OBJC_ROOT_CLASS = YES_ERROR;
				CLANG_WARN_SUSPICIOUS_MOVE = YES;
				CLANG_WARN_UNREACHABLE_CODE = YES;
				CLANG_WARN__DUPLICATE_METHOD_MATCH = YES;
				"CODE_SIGN_IDENTITY[sdk=iphoneos*]" = "iPhone Developer";
				COPY_PHASE_STRIP = NO;
				DEBUG_INFORMATION_FORMAT = "dwarf-with-dsym";
				ENABLE_NS_ASSERTIONS = NO;
				ENABLE_STRICT_OBJC_MSGSEND = YES;
				GCC_C_LANGUAGE_STANDARD = gnu99;
				GCC_NO_COMMON_BLOCKS = YES;
				GCC_WARN_64_TO_32_BIT_CONVERSION = YES;
				GCC_WARN_ABOUT_RETURN_TYPE = YES_ERROR;
				GCC_WARN_UNDECLARED_SELECTOR = YES;
				GCC_WARN_UNINITIALIZED_AUTOS = YES_AGGRESSIVE;
				GCC_WARN_UNUSED_FUNCTION = YES;
				GCC_WARN_UNUSED_VARIABLE = YES;
				IPHONEOS_DEPLOYMENT_TARGET = 9.3;
				MTL_ENABLE_DEBUG_INFO = NO;
				SDKROOT = iphoneos;
				TARGETED_DEVICE_FAMILY = "1,2";
				VALIDATE_PRODUCT = YES;
			};
			name = Release;
		};
		D092E1491D824B0400D2F816 /* Debug */ = {
			isa = XCBuildConfiguration;
			baseConfigurationReference = 2204C2104EF2A4F53C35E26F /* Pods-TouchIDDemo.debug.xcconfig */;
			buildSettings = {
				ASSETCATALOG_COMPILER_APPICON_NAME = AppIcon;
				CODE_SIGN_IDENTITY = "iPhone Developer";
				"CODE_SIGN_IDENTITY[sdk=iphoneos*]" = "iPhone Developer";
				DEVELOPMENT_TEAM = 39CU25G7Z2;
				INFOPLIST_FILE = TouchIDDemo/Info.plist;
				IPHONEOS_DEPLOYMENT_TARGET = 8.0;
				LD_RUNPATH_SEARCH_PATHS = "$(inherited) @executable_path/Frameworks";
				PRODUCT_BUNDLE_IDENTIFIER = com.ucsmy.TouchIDDemo;
				PRODUCT_NAME = "$(TARGET_NAME)";
				PROVISIONING_PROFILE = "";
			};
			name = Debug;
		};
		D092E14A1D824B0400D2F816 /* Release */ = {
			isa = XCBuildConfiguration;
			baseConfigurationReference = 79F6B53DEA11BBC698B340F4 /* Pods-TouchIDDemo.release.xcconfig */;
			buildSettings = {
				ASSETCATALOG_COMPILER_APPICON_NAME = AppIcon;
				CODE_SIGN_IDENTITY = "iPhone Developer";
				"CODE_SIGN_IDENTITY[sdk=iphoneos*]" = "iPhone Developer";
				DEVELOPMENT_TEAM = 39CU25G7Z2;
				INFOPLIST_FILE = TouchIDDemo/Info.plist;
				IPHONEOS_DEPLOYMENT_TARGET = 8.0;
				LD_RUNPATH_SEARCH_PATHS = "$(inherited) @executable_path/Frameworks";
				PRODUCT_BUNDLE_IDENTIFIER = com.ucsmy.TouchIDDemo;
				PRODUCT_NAME = "$(TARGET_NAME)";
				PROVISIONING_PROFILE = "";
			};
			name = Release;
		};
/* End XCBuildConfiguration section */

/* Begin XCConfigurationList section */
		D092E12C1D824B0300D2F816 /* Build configuration list for PBXProject "TouchIDDemo" */ = {
			isa = XCConfigurationList;
			buildConfigurations = (
				D092E1461D824B0400D2F816 /* Debug */,
				D092E1471D824B0400D2F816 /* Release */,
			);
			defaultConfigurationIsVisible = 0;
			defaultConfigurationName = Release;
		};
		D092E1481D824B0400D2F816 /* Build configuration list for PBXNativeTarget "TouchIDDemo" */ = {
			isa = XCConfigurationList;
			buildConfigurations = (
				D092E1491D824B0400D2F816 /* Debug */,
				D092E14A1D824B0400D2F816 /* Release */,
			);
			defaultConfigurationIsVisible = 0;
			defaultConfigurationName = Release;
		};
/* End XCConfigurationList section */
	};
	rootObject = D092E1291D824B0300D2F816 /* Project object */;
}
